{
  "name": "ai-tutorial",
  "version": "0.1.0",
  "lockfileVersion": 3,
  "requires": true,
  "packages": {
    "": {
      "name": "ai-tutorial",
      "version": "0.1.0",
      "license": "ISC",
      "workspaces": [
        "packages/*"
      ]
    },
    "node_modules/ai-agent": {
      "resolved": "packages/ai-agent",
      "link": true
    },
    "node_modules/await-to-js": {
      "version": "3.0.0",
      "resolved": "https://registry.npmmirror.com/await-to-js/-/await-to-js-3.0.0.tgz",
      "integrity": "sha512-zJAaP9zxTcvTHRlejau3ZOY4V7SRpiByf3/dxx2uyKxxor19tpmpV2QRsTKikckwhaPmr2dVpxxMr7jOCYVp5g==",
      "license": "MIT",
      "engines": {
        "node": ">=6.0.0"
      }
    },
    "node_modules/dotenv": {
      "version": "17.4.2",
      "resolved": "https://registry.npmmirror.com/dotenv/-/dotenv-17.4.2.tgz",
      "integrity": "sha512-nI4U3TottKAcAD9LLud4Cb7b2QztQMUEfHbvhTH09bqXTxnSie8WnjPALV/WMCrJZ6UV/qHJ6L03OqO3LcdYZw==",
      "license": "BSD-2-Clause",
      "engines": {
        "node": ">=12"
      },
      "funding": {
        "url": "https://dotenvx.com"
      }
    },
    "node_modules/rag": {
      "resolved": "packages/rag",
      "link": true
    },
    "node_modules/readline": {
      "version": "1.3.0",
      "resolved": "https://registry.npmmirror.com/readline/-/readline-1.3.0.tgz",
      "integrity": "sha512-k2d6ACCkiNYz222Fs/iNze30rRJ1iIicW7JuX/7/cozvih6YCkFZH+J6mAFDVgv0dRBaAyr4jDqC95R2y4IADg==",
      "license": "BSD"
    },
    "packages/ai-agent": {
      "version": "0.1.0",
      "license": "ISC",
      "dependencies": {
        "await-to-js": "^3.0.0",
        "dotenv": "^17.4.2",
        "readline": "^1.3.0"
      }
    },
    "packages/rag": {
      "version": "0.1.0",
      "license": "ISC",
      "devDependencies": {}
    }
  }
}
